<Solution>
  <Folder Name="/plugins/">
    <Project Path="plugins/Dynastia.Mechanics.Adoption/Dynastia.Mechanics.Adoption.csproj" />
    <Project Path="plugins/Dynastia.Mechanics.Aging/Dynastia.Mechanics.Aging.csproj" />
    <Project Path="plugins/Dynastia.Mechanics.Appearance/Dynastia.Mechanics.Appearance.csproj" />
    <Project Path="plugins/Dynastia.Mechanics.Biography/Dynastia.Mechanics.Biography.csproj" />
    <Project Path="plugins/Dynastia.Mechanics.Career/Dynastia.Mechanics.Career.csproj" />
    <Project Path="plugins/Dynastia.Mechanics.Crafts/Dynastia.Mechanics.Crafts.csproj" />
    <Project Path="plugins/Dynastia.Mechanics.Childhood/Dynastia.Mechanics.Childhood.csproj" />
    <Project Path="plugins/Dynastia.Mechanics.Church/Dynastia.Mechanics.Church.csproj" />
    <Project Path="plugins/Dynastia.Mechanics.Economy/Dynastia.Mechanics.Economy.csproj" />
    <Project Path="plugins/Dynastia.Mechanics.Education/Dynastia.Mechanics.Education.csproj" />
    <Project Path="plugins/Dynastia.Mechanics.Family/Dynastia.Mechanics.Family.csproj" />
    <Project Path="plugins/Dynastia.Mechanics.Farming/Dynastia.Mechanics.Farming.csproj" />
    <Project Path="plugins/Dynastia.Mechanics.FamilySupport/Dynastia.Mechanics.FamilySupport.csproj" />
    <Project Path="plugins/Dynastia.Mechanics.FamilyRelations/Dynastia.Mechanics.FamilyRelations.csproj" />
    <Project Path="plugins/Dynastia.Mechanics.Health/Dynastia.Mechanics.Health.csproj" />
    <Project Path="plugins/Dynastia.Mechanics.Historical/Dynastia.Mechanics.Historical.csproj" />
    <Project Path="plugins/Dynastia.Mechanics.Heirlooms/Dynastia.Mechanics.Heirlooms.csproj" />
    <Project Path="plugins/Dynastia.Mechanics.Households/Dynastia.Mechanics.Households.csproj" />
    <Project Path="plugins/Dynastia.Mechanics.Hobbies/Dynastia.Mechanics.Hobbies.csproj" />
    <Project Path="plugins/Dynastia.Mechanics.Inheritance/Dynastia.Mechanics.Inheritance.csproj" />
    <Project Path="plugins/Dynastia.Mechanics.Justice/Dynastia.Mechanics.Justice.csproj" />
    <Project Path="plugins/Dynastia.Mechanics.Locations/Dynastia.Mechanics.Locations.csproj" />
    <Project Path="plugins/Dynastia.Mechanics.Loans/Dynastia.Mechanics.Loans.csproj" />
    <Project Path="plugins/Dynastia.Mechanics.Mortality/Dynastia.Mechanics.Mortality.csproj" />
    <Project Path="plugins/Dynastia.Mechanics.Personality/Dynastia.Mechanics.Personality.csproj" />
    <Project Path="plugins/Dynastia.Mechanics.RareEvents/Dynastia.Mechanics.RareEvents.csproj" />
    <Project Path="plugins/Dynastia.Mechanics.Relationships/Dynastia.Mechanics.Relationships.csproj" />
    <Project Path="plugins/Dynastia.Mechanics.Reproduction/Dynastia.Mechanics.Reproduction.csproj" />
    <Project Path="plugins/Dynastia.Mechanics.StatImprovements/Dynastia.Mechanics.StatImprovements.csproj" />
    <Project Path="plugins/Dynastia.Mechanics.Status/Dynastia.Mechanics.Status.csproj" />
    <Project Path="plugins/Dynastia.Mechanics.Stats/Dynastia.Mechanics.Stats.csproj" />
    <Project Path="plugins/Dynastia.Mechanics.Succession/Dynastia.Mechanics.Succession.csproj" />
    <Project Path="plugins/Dynastia.Mechanics.Thoughts/Dynastia.Mechanics.Thoughts.csproj" />
    <Project Path="plugins/Dynastia.Mechanics.TownLife/Dynastia.Mechanics.TownLife.csproj" />
    <Project Path="plugins/Dynastia.Mechanics.TurnActions/Dynastia.Mechanics.TurnActions.csproj" />
    <Project Path="plugins/Dynastia.Mechanics.Wellbeing/Dynastia.Mechanics.Wellbeing.csproj" />
  </Folder>
  <Folder Name="/src/">
    <Project Path="src/Dynastia.App/Dynastia.App.csproj" />
    <Project Path="src/Dynastia.Contracts/Dynastia.Contracts.csproj" />
    <Project Path="src/Dynastia.Core/Dynastia.Core.csproj" />
    <Project Path="src/Dynastia.PluginHost/Dynastia.PluginHost.csproj" />
  </Folder>
  <Folder Name="/tests/">
    <Project Path="tests/Dynastia.Core.Tests/Dynastia.Core.Tests.csproj" />
  </Folder>
</Solution>
