<Solution>
  <Folder Name="/plugins/">
    <Project Path="plugins/Dynastia.Mechanics.Adoption/Dynastia.Mechanics.Adoption.csproj" />
    <Project Path="plugins/Dynastia.Mechanics.Aging/Dynastia.Mechanics.Aging.csproj" />
    <Project Path="plugins/Dynastia.Mechanics.Biography/Dynastia.Mechanics.Biography.csproj" />
    <Project Path="plugins/Dynastia.Mechanics.Career/Dynastia.Mechanics.Career.csproj" />
    <Project Path="plugins/Dynastia.Mechanics.Economy/Dynastia.Mechanics.Economy.csproj" />
    <Project Path="plugins/Dynastia.Mechanics.Education/Dynastia.Mechanics.Education.csproj" />
    <Project Path="plugins/Dynastia.Mechanics.Family/Dynastia.Mechanics.Family.csproj" />
    <Project Path="plugins/Dynastia.Mechanics.FamilySupport/Dynastia.Mechanics.FamilySupport.csproj" />
    <Project Path="plugins/Dynastia.Mechanics.Health/Dynastia.Mechanics.Health.csproj" />
    <Project Path="plugins/Dynastia.Mechanics.Households/Dynastia.Mechanics.Households.csproj" />
    <Project Path="plugins/Dynastia.Mechanics.Inheritance/Dynastia.Mechanics.Inheritance.csproj" />
    <Project Path="plugins/Dynastia.Mechanics.Justice/Dynastia.Mechanics.Justice.csproj" />
    <Project Path="plugins/Dynastia.Mechanics.Mortality/Dynastia.Mechanics.Mortality.csproj" />
    <Project Path="plugins/Dynastia.Mechanics.Relationships/Dynastia.Mechanics.Relationships.csproj" />
    <Project Path="plugins/Dynastia.Mechanics.Reproduction/Dynastia.Mechanics.Reproduction.csproj" />
    <Project Path="plugins/Dynastia.Mechanics.Stats/Dynastia.Mechanics.Stats.csproj" />
    <Project Path="plugins/Dynastia.Mechanics.Succession/Dynastia.Mechanics.Succession.csproj" />
    <Project Path="plugins/Dynastia.Mechanics.Wellbeing/Dynastia.Mechanics.Wellbeing.csproj" />
  </Folder>
  <Folder Name="/src/">
    <Project Path="src/Dynastia.App/Dynastia.App.csproj" />
    <Project Path="src/Dynastia.Contracts/Dynastia.Contracts.csproj" />
    <Project Path="src/Dynastia.Core/Dynastia.Core.csproj" />
    <Project Path="src/Dynastia.PluginHost/Dynastia.PluginHost.csproj" />
    <Project Path="src/Dynastia.StandardUI/Dynastia.StandardUI.csproj" />
  </Folder>
  <Folder Name="/tests/">
    <Project Path="tests/Dynastia.Core.Tests/Dynastia.Core.Tests.csproj" />
    <Project Path="tests/Dynastia.IntegrationTests/Dynastia.IntegrationTests.csproj" />
  </Folder>
</Solution>
