<Solution>
  <Folder Name="/plugins/">
    <Project Path="plugins/Dynastia.Mechanics.Aging/Dynastia.Mechanics.Aging.csproj" />
    <Project Path="plugins/Dynastia.Mechanics.Family/Dynastia.Mechanics.Family.csproj" />
    <Project Path="plugins/Dynastia.Mechanics.Health/Dynastia.Mechanics.Health.csproj" />
    <Project Path="plugins/Dynastia.Mechanics.Mortality/Dynastia.Mechanics.Mortality.csproj" />
    <Project Path="plugins/Dynastia.Mechanics.Relationships/Dynastia.Mechanics.Relationships.csproj" />
    <Project Path="plugins/Dynastia.Mechanics.Stats/Dynastia.Mechanics.Stats.csproj" />
    <Project Path="plugins/Dynastia.Plugin.Sample/Dynastia.Plugin.Sample.csproj" />
  </Folder>
  <Folder Name="/src/">
    <Project Path="src/Dynastia.App/Dynastia.App.csproj" />
    <Project Path="src/Dynastia.Contracts/Dynastia.Contracts.csproj" />
    <Project Path="src/Dynastia.Core/Dynastia.Core.csproj" />
    <Project Path="src/Dynastia.PluginHost/Dynastia.PluginHost.csproj" />
    <Project Path="src/Dynastia.StandardUI/Dynastia.StandardUI.csproj" />
  </Folder>
  <Folder Name="/tests/">
    <Project Path="tests/Dynastia.Core.Tests/Dynastia.Core.Tests.csproj" />
    <Project Path="tests/Dynastia.IntegrationTests/Dynastia.IntegrationTests.csproj" />
  </Folder>
</Solution>
